<?xml version="1.0" encoding="utf-8"?>
<Project ToolsVersion="4.0" xmlns="http://schemas.microsoft.com/developer/msbuild/2003">
  <ItemGroup>
    <Filter Include="Source Files">
      <UniqueIdentifier>{4FC737F1-C7A5-4376-A066-2A32D752A2FF}</UniqueIdentifier>
      <Extensions>cpp;c;cc;cxx;c++;cppm;ixx;def;odl;idl;hpj;bat;asm;asmx</Extensions>
    </Filter>
    <Filter Include="Header Files">
      <UniqueIdentifier>{93995380-89BD-4b04-88EB-625FBE52EBFB}</UniqueIdentifier>
      <Extensions>h;hh;hpp;hxx;h++;hm;inl;inc;ipp;xsd</Extensions>
    </Filter>
    <Filter Include="Resource Files">
      <UniqueIdentifier>{67DA6AB6-F800-4c08-8B7A-83BB121AAD01}</UniqueIdentifier>
      <Extensions>rc;ico;cur;bmp;dlg;rc2;rct;bin;rgs;gif;jpg;jpeg;jpe;resx;tiff;tif;png;wav;mfcribbon-ms</Extensions>
    </Filter>
    <Filter Include="Source Files\unstd">
      <UniqueIdentifier>{d8d7c3f2-bcd4-4d5d-917a-24051049373d}</UniqueIdentifier>
    </Filter>
    <Filter Include="Source Files\attacks">
      <UniqueIdentifier>{98c1b820-a342-4e60-bf4e-854e8a779706}</UniqueIdentifier>
    </Filter>
  </ItemGroup>
  <ItemGroup>
    <ClCompile Include="bitboard.ixx">
      <Filter>Source Files</Filter>
    </ClCompile>
    <ClCompile Include="board.ixx">
      <Filter>Source Files</Filter>
    </ClCompile>
    <ClCompile Include="game.ixx">
      <Filter>Source Files</Filter>
    </ClCompile>
    <ClCompile Include="prelude.ixx">
      <Filter>Source Files</Filter>
    </ClCompile>
    <ClCompile Include="move.ixx">
      <Filter>Source Files</Filter>
    </ClCompile>
    <ClCompile Include="movegen.ixx">
      <Filter>Source Files</Filter>
    </ClCompile>
    <ClCompile Include="pins.ixx">
      <Filter>Source Files</Filter>
    </ClCompile>
    <ClCompile Include="quad.ixx">
      <Filter>Source Files</Filter>
    </ClCompile>
    <ClCompile Include="zobrist.ixx">
      <Filter>Source Files</Filter>
    </ClCompile>
    <ClCompile Include="perft.ixx">
      <Filter>Source Files</Filter>
    </ClCompile>
    <ClCompile Include="print.ixx">
      <Filter>Source Files</Filter>
    </ClCompile>
    <ClCompile Include="unstd\core.ixx">
      <Filter>Source Files\unstd</Filter>
    </ClCompile>
    <ClCompile Include="unstd\io.ixx">
      <Filter>Source Files\unstd</Filter>
    </ClCompile>
    <ClCompile Include="unstd\random.ixx">
      <Filter>Source Files\unstd</Filter>
    </ClCompile>
    <ClCompile Include="attacks\classical.ixx">
      <Filter>Source Files\attacks</Filter>
    </ClCompile>
    <ClCompile Include="attacks\magic.ixx">
      <Filter>Source Files\attacks</Filter>
    </ClCompile>
    <ClCompile Include="attacks\base.ixx">
      <Filter>Source Files\attacks</Filter>
    </ClCompile>
    <ClCompile Include="init.ixx">
      <Filter>Source Files</Filter>
    </ClCompile>
    <ClCompile Include="unstd\string_util.ixx">
      <Filter>Source Files</Filter>
    </ClCompile>
    <ClCompile Include="eval.ixx">
      <Filter>Source Files</Filter>
    </ClCompile>
    <ClCompile Include="attacks\util.ixx">
      <Filter>Source Files\attacks</Filter>
    </ClCompile>
    <ClCompile Include="unstd\macros.h">
      <Filter>Source Files\unstd</Filter>
    </ClCompile>
    <ClCompile Include="uci.ixx">
      <Filter>Source Files</Filter>
    </ClCompile>
    <ClCompile Include="mcts.ixx">
      <Filter>Source Files</Filter>
    </ClCompile>
    <ClCompile Include="attacks\rays.ixx">
      <Filter>Source Files</Filter>
    </ClCompile>
  </ItemGroup>
</Project>