<?xml version="1.0" encoding="utf-8"?>
<Project ToolsVersion="4.0" xmlns="http://schemas.microsoft.com/developer/msbuild/2003">
  <ItemGroup>
    <ClCompile Include="bitboard_test.ixx" />
    <ClCompile Include="game_test.ixx" />
  </ItemGroup>
  <ItemGroup>
    <None Include="packages.config" />
  </ItemGroup>
  <ItemGroup>
    <Filter Include="unstd">
      <UniqueIdentifier>{561bb072-9df1-4593-8fe8-1d95767d12ad}</UniqueIdentifier>
    </Filter>
  </ItemGroup>
</Project>